// !$*UTF8*$!
{
	archiveVersion = 1;
	classes = {
	};
	objectVersion = 56;
	objects = {

/* Begin PBXBuildFile section */
		000000000000000000000200 /* App/bookscleanApp.swift in Sources */ = {isa = PBXBuildFile; fileRef = 000000000000000000000100 /* App/bookscleanApp.swift */; };
		000000000000000000000201 /* App/AppState.swift in Sources */ = {isa = PBXBuildFile; fileRef = 000000000000000000000101 /* App/AppState.swift */; };
		000000000000000000000202 /* RegexExt.swift in Sources */ = {isa = PBXBuildFile; fileRef = 000000000000000000000102 /* RegexExt.swift */; };
		000000000000000000000203 /* Models.swift in Sources */ = {isa = PBXBuildFile; fileRef = 000000000000000000000103 /* Models.swift */; };
		000000000000000000000204 /* FormatUtil.swift in Sources */ = {isa = PBXBuildFile; fileRef = 000000000000000000000104 /* FormatUtil.swift */; };
		000000000000000000000205 /* LibraryLogic.swift in Sources */ = {isa = PBXBuildFile; fileRef = 000000000000000000000105 /* LibraryLogic.swift */; };
		000000000000000000000206 /* LogUtil.swift in Sources */ = {isa = PBXBuildFile; fileRef = 000000000000000000000106 /* LogUtil.swift */; };
		000000000000000000000207 /* Preferences.swift in Sources */ = {isa = PBXBuildFile; fileRef = 000000000000000000000107 /* Preferences.swift */; };
		000000000000000000000208 /* Parser.swift in Sources */ = {isa = PBXBuildFile; fileRef = 000000000000000000000108 /* Parser.swift */; };
		000000000000000000000209 /* DupRuleLogic.swift in Sources */ = {isa = PBXBuildFile; fileRef = 000000000000000000000109 /* DupRuleLogic.swift */; };
		00000000000000000000020A /* KeywordReplace.swift in Sources */ = {isa = PBXBuildFile; fileRef = 00000000000000000000010A /* KeywordReplace.swift */; };
		00000000000000000000020B /* EncodingUtil.swift in Sources */ = {isa = PBXBuildFile; fileRef = 00000000000000000000010B /* EncodingUtil.swift */; };
		00000000000000000000020C /* ChineseConverter.swift in Sources */ = {isa = PBXBuildFile; fileRef = 00000000000000000000010C /* ChineseConverter.swift */; };
		00000000000000000000020D /* DatabaseManager.swift in Sources */ = {isa = PBXBuildFile; fileRef = 00000000000000000000010D /* DatabaseManager.swift */; };
		00000000000000000000020E /* FileRepository.swift in Sources */ = {isa = PBXBuildFile; fileRef = 00000000000000000000010E /* FileRepository.swift */; };
		00000000000000000000020F /* ScanService.swift in Sources */ = {isa = PBXBuildFile; fileRef = 00000000000000000000010F /* ScanService.swift */; };
		000000000000000000000210 /* Theme.swift in Sources */ = {isa = PBXBuildFile; fileRef = 000000000000000000000110 /* Theme.swift */; };
		000000000000000000000211 /* Common.swift in Sources */ = {isa = PBXBuildFile; fileRef = 000000000000000000000111 /* Common.swift */; };
		000000000000000000000212 /* HomeView.swift in Sources */ = {isa = PBXBuildFile; fileRef = 000000000000000000000112 /* HomeView.swift */; };
		000000000000000000000213 /* ConfigViews.swift in Sources */ = {isa = PBXBuildFile; fileRef = 000000000000000000000113 /* ConfigViews.swift */; };
		000000000000000000000214 /* LibraryView.swift in Sources */ = {isa = PBXBuildFile; fileRef = 000000000000000000000114 /* LibraryView.swift */; };
		000000000000000000000215 /* DeleteViews.swift in Sources */ = {isa = PBXBuildFile; fileRef = 000000000000000000000115 /* DeleteViews.swift */; };
		000000000000000000000216 /* OneClickCleanupView.swift in Sources */ = {isa = PBXBuildFile; fileRef = 000000000000000000000116 /* OneClickCleanupView.swift */; };
		000000000000000000000217 /* SettingsViews.swift in Sources */ = {isa = PBXBuildFile; fileRef = 000000000000000000000117 /* SettingsViews.swift */; };
		000000000000000000000218 /* HelpView.swift in Sources */ = {isa = PBXBuildFile; fileRef = 000000000000000000000118 /* HelpView.swift */; };
		000000000000000000000219 /* ContentView.swift in Sources */ = {isa = PBXBuildFile; fileRef = 000000000000000000000119 /* ContentView.swift */; };
		00000000000000000000021A /* PrivacyPolicyView.swift in Sources */ = {isa = PBXBuildFile; fileRef = 00000000000000000000011A /* PrivacyPolicyView.swift */; };
		00000000000000000000021B /* AboutView.swift in Sources */ = {isa = PBXBuildFile; fileRef = 00000000000000000000011D /* AboutView.swift */; };
		000000000000000000000300 /* Assets.xcassets in Resources */ = {isa = PBXBuildFile; fileRef = 00000000000000000000011C /* Assets.xcassets */; };
/* End PBXBuildFile section */

/* Begin PBXFileReference section */
		00000000000000000000001B /* booksclean.app */ = {isa = PBXFileReference; explicitFileType = wrapper.application; includeInIndex = 0; path = booksclean.app; sourceTree = BUILT_PRODUCTS_DIR; };
		000000000000000000000100 /* App/bookscleanApp.swift */ = {isa = PBXFileReference; lastKnownFileType = sourcecode.swift; path = App/bookscleanApp.swift; sourceTree = "<group>"; };
		000000000000000000000101 /* App/AppState.swift */ = {isa = PBXFileReference; lastKnownFileType = sourcecode.swift; path = App/AppState.swift; sourceTree = "<group>"; };
		000000000000000000000102 /* RegexExt.swift */ = {isa = PBXFileReference; lastKnownFileType = sourcecode.swift; path = RegexExt.swift; sourceTree = "<group>"; };
		000000000000000000000103 /* Models.swift */ = {isa = PBXFileReference; lastKnownFileType = sourcecode.swift; path = Models.swift; sourceTree = "<group>"; };
		000000000000000000000104 /* FormatUtil.swift */ = {isa = PBXFileReference; lastKnownFileType = sourcecode.swift; path = FormatUtil.swift; sourceTree = "<group>"; };
		000000000000000000000105 /* LibraryLogic.swift */ = {isa = PBXFileReference; lastKnownFileType = sourcecode.swift; path = LibraryLogic.swift; sourceTree = "<group>"; };
		000000000000000000000106 /* LogUtil.swift */ = {isa = PBXFileReference; lastKnownFileType = sourcecode.swift; path = LogUtil.swift; sourceTree = "<group>"; };
		000000000000000000000107 /* Preferences.swift */ = {isa = PBXFileReference; lastKnownFileType = sourcecode.swift; path = Preferences.swift; sourceTree = "<group>"; };
		000000000000000000000108 /* Parser.swift */ = {isa = PBXFileReference; lastKnownFileType = sourcecode.swift; path = Parser.swift; sourceTree = "<group>"; };
		000000000000000000000109 /* DupRuleLogic.swift */ = {isa = PBXFileReference; lastKnownFileType = sourcecode.swift; path = DupRuleLogic.swift; sourceTree = "<group>"; };
		00000000000000000000010A /* KeywordReplace.swift */ = {isa = PBXFileReference; lastKnownFileType = sourcecode.swift; path = KeywordReplace.swift; sourceTree = "<group>"; };
		00000000000000000000010B /* EncodingUtil.swift */ = {isa = PBXFileReference; lastKnownFileType = sourcecode.swift; path = EncodingUtil.swift; sourceTree = "<group>"; };
		00000000000000000000010C /* ChineseConverter.swift */ = {isa = PBXFileReference; lastKnownFileType = sourcecode.swift; path = ChineseConverter.swift; sourceTree = "<group>"; };
		00000000000000000000010D /* DatabaseManager.swift */ = {isa = PBXFileReference; lastKnownFileType = sourcecode.swift; path = DatabaseManager.swift; sourceTree = "<group>"; };
		00000000000000000000010E /* FileRepository.swift */ = {isa = PBXFileReference; lastKnownFileType = sourcecode.swift; path = FileRepository.swift; sourceTree = "<group>"; };
		00000000000000000000010F /* ScanService.swift */ = {isa = PBXFileReference; lastKnownFileType = sourcecode.swift; path = ScanService.swift; sourceTree = "<group>"; };
		000000000000000000000110 /* Theme.swift */ = {isa = PBXFileReference; lastKnownFileType = sourcecode.swift; path = Theme.swift; sourceTree = "<group>"; };
		000000000000000000000111 /* Common.swift */ = {isa = PBXFileReference; lastKnownFileType = sourcecode.swift; path = Common.swift; sourceTree = "<group>"; };
		000000000000000000000112 /* HomeView.swift */ = {isa = PBXFileReference; lastKnownFileType = sourcecode.swift; path = HomeView.swift; sourceTree = "<group>"; };
		000000000000000000000113 /* ConfigViews.swift */ = {isa = PBXFileReference; lastKnownFileType = sourcecode.swift; path = ConfigViews.swift; sourceTree = "<group>"; };
		000000000000000000000114 /* LibraryView.swift */ = {isa = PBXFileReference; lastKnownFileType = sourcecode.swift; path = LibraryView.swift; sourceTree = "<group>"; };
		000000000000000000000115 /* DeleteViews.swift */ = {isa = PBXFileReference; lastKnownFileType = sourcecode.swift; path = DeleteViews.swift; sourceTree = "<group>"; };
		000000000000000000000116 /* OneClickCleanupView.swift */ = {isa = PBXFileReference; lastKnownFileType = sourcecode.swift; path = OneClickCleanupView.swift; sourceTree = "<group>"; };
		000000000000000000000117 /* SettingsViews.swift */ = {isa = PBXFileReference; lastKnownFileType = sourcecode.swift; path = SettingsViews.swift; sourceTree = "<group>"; };
		000000000000000000000118 /* HelpView.swift */ = {isa = PBXFileReference; lastKnownFileType = sourcecode.swift; path = HelpView.swift; sourceTree = "<group>"; };
		000000000000000000000119 /* ContentView.swift */ = {isa = PBXFileReference; lastKnownFileType = sourcecode.swift; path = ContentView.swift; sourceTree = "<group>"; };
		00000000000000000000011A /* PrivacyPolicyView.swift */ = {isa = PBXFileReference; lastKnownFileType = sourcecode.swift; path = PrivacyPolicyView.swift; sourceTree = "<group>"; };
		00000000000000000000011D /* AboutView.swift */ = {isa = PBXFileReference; lastKnownFileType = sourcecode.swift; path = AboutView.swift; sourceTree = "<group>"; };
		00000000000000000000011B /* Info.plist */ = {isa = PBXFileReference; lastKnownFileType = text.plist.xml; path = Info.plist; sourceTree = "<group>"; };
		00000000000000000000011C /* Assets.xcassets */ = {isa = PBXFileReference; lastKnownFileType = folder.assetcatalog; path = Assets.xcassets; sourceTree = "<group>"; };
/* End PBXFileReference section */

/* Begin PBXFrameworksBuildPhase section */
		000000000000000000000013 /* Frameworks */ = {
			isa = PBXFrameworksBuildPhase;
			buildActionMask = 2147483647;
			files = (
			);
			runOnlyForDeploymentPostprocessing = 0;
		};
/* End PBXFrameworksBuildPhase section */

/* Begin PBXGroup section */
		00000000000000000000000C = {
			isa = PBXGroup;
			children = (
				00000000000000000000000E /* booksclean */,
				00000000000000000000000D /* Products */,
			);
			sourceTree = "<group>";
		};
		00000000000000000000000D /* Products */ = {
			isa = PBXGroup;
			children = (
				00000000000000000000001B /* booksclean.app */,
			);
			name = Products;
			sourceTree = "<group>";
		};
		00000000000000000000000E /* booksclean */ = {
			isa = PBXGroup;
			children = (
				00000000000000000000000F /* Core */,
				000000000000000000000010 /* Services */,
				000000000000000000000011 /* UI */,
				000000000000000000000100 /* App/bookscleanApp.swift */,
				000000000000000000000101 /* App/AppState.swift */,
				00000000000000000000011B /* Info.plist */,
				00000000000000000000011C /* Assets.xcassets */,
			);
		path = booksclean;
		sourceTree = "<group>";
		};
		00000000000000000000000F /* Core */ = {
			isa = PBXGroup;
			children = (
				000000000000000000000102 /* RegexExt.swift */,
				000000000000000000000103 /* Models.swift */,
				000000000000000000000104 /* FormatUtil.swift */,
				000000000000000000000105 /* LibraryLogic.swift */,
				000000000000000000000106 /* LogUtil.swift */,
				000000000000000000000107 /* Preferences.swift */,
				000000000000000000000108 /* Parser.swift */,
				000000000000000000000109 /* DupRuleLogic.swift */,
				00000000000000000000010A /* KeywordReplace.swift */,
				00000000000000000000010B /* EncodingUtil.swift */,
				00000000000000000000010C /* ChineseConverter.swift */,
				00000000000000000000010D /* DatabaseManager.swift */,
				00000000000000000000010E /* FileRepository.swift */,
			);
			path = Core;
			sourceTree = "<group>";
		};
		000000000000000000000010 /* Services */ = {
			isa = PBXGroup;
			children = (
				00000000000000000000010F /* ScanService.swift */,
			);
			path = Services;
			sourceTree = "<group>";
		};
		000000000000000000000011 /* UI */ = {
			isa = PBXGroup;
			children = (
				000000000000000000000110 /* Theme.swift */,
				000000000000000000000111 /* Common.swift */,
				000000000000000000000112 /* HomeView.swift */,
				000000000000000000000113 /* ConfigViews.swift */,
				000000000000000000000114 /* LibraryView.swift */,
				000000000000000000000115 /* DeleteViews.swift */,
				000000000000000000000116 /* OneClickCleanupView.swift */,
				000000000000000000000117 /* SettingsViews.swift */,
				000000000000000000000118 /* HelpView.swift */,
				000000000000000000000119 /* ContentView.swift */,
				00000000000000000000011A /* PrivacyPolicyView.swift */,
				00000000000000000000011D /* AboutView.swift */,
			);
			path = UI;
			sourceTree = "<group>";
		};
/* End PBXGroup section */

/* Begin PBXNativeTarget section */
		00000000000000000000000B /* booksclean */ = {
			isa = PBXNativeTarget;
			buildConfigurationList = 000000000000000000000016 /* Build configuration list for PBXNativeTarget "booksclean" */;
			buildPhases = (
				000000000000000000000012 /* Sources */,
				000000000000000000000013 /* Frameworks */,
				000000000000000000000014 /* Resources */,
			);
			buildRules = (
			);
			dependencies = (
			);
			name = booksclean;
			productName = booksclean;
			productReference = 00000000000000000000001B /* booksclean.app */;
			productType = "com.apple.product-type.application";
		};
/* End PBXNativeTarget section */

/* Begin PBXProject section */
		00000000000000000000000A /* Project object */ = {
			isa = PBXProject;
			attributes = {
				BuildIndependentTargetsInParallel = 1;
				LastSwiftUpdateCheck = 1500;
				LastUpgradeCheck = 1500;
				TargetAttributes = {
					00000000000000000000000B = {
						CreatedOnToolsVersion = 15.0;
					};
				};
			};
			buildConfigurationList = 000000000000000000000015 /* Build configuration list for PBXProject "booksclean" */;
			compatibilityVersion = "Xcode 14.0";
			developmentRegion = en;
			hasScannedForEncodings = 0;
			knownRegions = (
				en,
				Base,
				"zh-Hans",
			);
			mainGroup = 00000000000000000000000C;
			productRefGroup = 00000000000000000000000D /* Products */;
			projectDirPath = "";
			projectRoot = "";
			targets = (
				00000000000000000000000B /* booksclean */,
			);
		};
/* End PBXProject section */

/* Begin PBXResourcesBuildPhase section */
		000000000000000000000014 /* Resources */ = {
			isa = PBXResourcesBuildPhase;
			buildActionMask = 2147483647;
			files = (
				000000000000000000000300 /* Assets.xcassets in Resources */,
			);
			runOnlyForDeploymentPostprocessing = 0;
		};
/* End PBXResourcesBuildPhase section */

/* Begin PBXSourcesBuildPhase section */
		000000000000000000000012 /* Sources */ = {
			isa = PBXSourcesBuildPhase;
			buildActionMask = 2147483647;
			files = (
				000000000000000000000200 /* App/bookscleanApp.swift in Sources */,
				000000000000000000000201 /* App/AppState.swift in Sources */,
				000000000000000000000202 /* RegexExt.swift in Sources */,
				000000000000000000000203 /* Models.swift in Sources */,
				000000000000000000000204 /* FormatUtil.swift in Sources */,
				000000000000000000000205 /* LibraryLogic.swift in Sources */,
				000000000000000000000206 /* LogUtil.swift in Sources */,
				000000000000000000000207 /* Preferences.swift in Sources */,
				000000000000000000000208 /* Parser.swift in Sources */,
				000000000000000000000209 /* DupRuleLogic.swift in Sources */,
				00000000000000000000020A /* KeywordReplace.swift in Sources */,
				00000000000000000000020B /* EncodingUtil.swift in Sources */,
				00000000000000000000020C /* ChineseConverter.swift in Sources */,
				00000000000000000000020D /* DatabaseManager.swift in Sources */,
				00000000000000000000020E /* FileRepository.swift in Sources */,
				00000000000000000000020F /* ScanService.swift in Sources */,
				000000000000000000000210 /* Theme.swift in Sources */,
				000000000000000000000211 /* Common.swift in Sources */,
				000000000000000000000212 /* HomeView.swift in Sources */,
				000000000000000000000213 /* ConfigViews.swift in Sources */,
				000000000000000000000214 /* LibraryView.swift in Sources */,
				000000000000000000000215 /* DeleteViews.swift in Sources */,
				000000000000000000000216 /* OneClickCleanupView.swift in Sources */,
				000000000000000000000217 /* SettingsViews.swift in Sources */,
				000000000000000000000218 /* HelpView.swift in Sources */,
				000000000000000000000219 /* ContentView.swift in Sources */,
				00000000000000000000021A /* PrivacyPolicyView.swift in Sources */,
				00000000000000000000021B /* AboutView.swift in Sources */,
			);
			runOnlyForDeploymentPostprocessing = 0;
		};
/* End PBXSourcesBuildPhase section */

/* Begin XCBuildConfiguration section */
		000000000000000000000017 /* Debug */ = {
			isa = XCBuildConfiguration;
			buildSettings = {
				ALWAYS_SEARCH_USER_PATHS = NO;
				CLANG_ANALYZER_NONNULL = YES;
				CLANG_ANALYZER_NUMBER_OBJECT_CONVERSION = YES_AGGRESSIVE;
				CLANG_CXX_LANGUAGE_STANDARD = "gnu++20";
				CLANG_ENABLE_MODULES = YES;
				CLANG_ENABLE_OBJC_ARC = YES;
				CLANG_ENABLE_OBJC_WEAK = YES;
				CLANG_WARN_BOOL_CONVERSION = YES;
				CLANG_WARN_COMMA = YES;
				CLANG_WARN_CONSTANT_CONVERSION = YES;
				CLANG_WARN_DEPRECATED_OBJC_IMPLEMENTATIONS = YES;
				CLANG_WARN_DIRECT_OBJC_ISA_USAGE = YES_ERROR;
				CLANG_WARN_DOCUMENTATION_COMMENTS = YES;
				CLANG_WARN_EMPTY_LOOP_BODIES = YES;
				CLANG_WARN_ENUM_CONVERSION = YES;
				CLANG_WARN_INFINITE_RECURSION = YES;
				CLANG_WARN_INT_CONVERSION = YES;
				CLANG_WARN_NON_LITERAL_NULL_CONVERSION = YES;
				CLANG_WARN_OBJC_IMPLICIT_RETAIN_SELF = YES;
				CLANG_WARN_OBJC_LITERAL_CONVERSION = YES;
				CLANG_WARN_OBJC_ROOT_CLASS = YES_ERROR;
				CLANG_WARN_QUOTED_INCLUDE_IN_FRAMEWORK_HEADER = YES;
				CLANG_WARN_RANGE_LOOP_ANALYSIS = YES;
				CLANG_WARN_STRICT_PROTOTYPES = YES;
				CLANG_WARN_SUSPICIOUS_MOVE = YES;
				CLANG_WARN_UNGUARDED_AVAILABILITY = YES_AGGRESSIVE;
				CLANG_WARN_UNREACHABLE_CODE = YES;
				CLANG_WARN__DUPLICATE_METHOD_MATCH = YES;
				COPY_PHASE_STRIP = NO;
				DEBUG_INFORMATION_FORMAT = dwarf;
				ENABLE_STRICT_OBJC_MSGSEND = YES;
				ENABLE_TESTABILITY = YES;
				GCC_C_LANGUAGE_STANDARD = gnu17;
				GCC_DYNAMIC_NO_PIC = NO;
				GCC_NO_COMMON_BLOCKS = YES;
				GCC_OPTIMIZATION_LEVEL = 0;
				GCC_PREPROCESSOR_DEFINITIONS = (
					"DEBUG=1",
					"$(inherited)",
				);
				GCC_WARN_64_TO_32_BIT_CONVERSION = YES;
				GCC_WARN_ABOUT_RETURN_TYPE = YES_ERROR;
				GCC_WARN_UNINITIALIZED_AUTOS = YES_AGGRESSIVE;
				GCC_WARN_UNUSED_FUNCTION = YES;
				GCC_WARN_UNUSED_VARIABLE = YES;
				IPHONEOS_DEPLOYMENT_TARGET = 16.0;
				MTL_ENABLE_DEBUG_INFO = INCLUDE_SOURCE;
				MTL_FAST_MATH = YES;
				ONLY_ACTIVE_ARCH = YES;
				SDKROOT = iphoneos;
				SWIFT_ACTIVE_COMPILATION_CONDITIONS = DEBUG;
				SWIFT_OPTIMIZATION_LEVEL = "-Onone";
			};
			name = Debug;
		};
		000000000000000000000018 /* Release */ = {
			isa = XCBuildConfiguration;
			buildSettings = {
				ALWAYS_SEARCH_USER_PATHS = NO;
				CLANG_ANALYZER_NONNULL = YES;
				CLANG_ANALYZER_NUMBER_OBJECT_CONVERSION = YES_AGGRESSIVE;
				CLANG_CXX_LANGUAGE_STANDARD = "gnu++20";
				CLANG_ENABLE_MODULES = YES;
				CLANG_ENABLE_OBJC_ARC = YES;
				CLANG_ENABLE_OBJC_WEAK = YES;
				CLANG_WARN_BOOL_CONVERSION = YES;
				CLANG_WARN_COMMA = YES;
				CLANG_WARN_CONSTANT_CONVERSION = YES;
				CLANG_WARN_DEPRECATED_OBJC_IMPLEMENTATIONS = YES;
				CLANG_WARN_DIRECT_OBJC_ISA_USAGE = YES_ERROR;
				CLANG_WARN_DOCUMENTATION_COMMENTS = YES;
				CLANG_WARN_EMPTY_LOOP_BODIES = YES;
				CLANG_WARN_ENUM_CONVERSION = YES;
				CLANG_WARN_INFINITE_RECURSION = YES;
				CLANG_WARN_INT_CONVERSION = YES;
				CLANG_WARN_NON_LITERAL_NULL_CONVERSION = YES;
				CLANG_WARN_OBJC_IMPLICIT_RETAIN_SELF = YES;
				CLANG_WARN_OBJC_LITERAL_CONVERSION = YES;
				CLANG_WARN_OBJC_ROOT_CLASS = YES_ERROR;
				CLANG_WARN_QUOTED_INCLUDE_IN_FRAMEWORK_HEADER = YES;
				CLANG_WARN_RANGE_LOOP_ANALYSIS = YES;
				CLANG_WARN_STRICT_PROTOTYPES = YES;
				CLANG_WARN_SUSPICIOUS_MOVE = YES;
				CLANG_WARN_UNGUARDED_AVAILABILITY = YES_AGGRESSIVE;
				CLANG_WARN_UNREACHABLE_CODE = YES;
				CLANG_WARN__DUPLICATE_METHOD_MATCH = YES;
				COPY_PHASE_STRIP = NO;
				DEBUG_INFORMATION_FORMAT = "dwarf-with-dsym";
				ENABLE_NS_ASSERTIONS = NO;
				ENABLE_STRICT_OBJC_MSGSEND = YES;
				GCC_C_LANGUAGE_STANDARD = gnu17;
				GCC_NO_COMMON_BLOCKS = YES;
				GCC_OPTIMIZATION_LEVEL = s;
				GCC_WARN_64_TO_32_BIT_CONVERSION = YES;
				GCC_WARN_ABOUT_RETURN_TYPE = YES_ERROR;
				GCC_WARN_UNINITIALIZED_AUTOS = YES_AGGRESSIVE;
				GCC_WARN_UNUSED_FUNCTION = YES;
				GCC_WARN_UNUSED_VARIABLE = YES;
				IPHONEOS_DEPLOYMENT_TARGET = 16.0;
				MTL_ENABLE_DEBUG_INFO = NO;
				MTL_FAST_MATH = YES;
				SDKROOT = iphoneos;
				SWIFT_COMPILATION_MODE = wholemodule;
				SWIFT_OPTIMIZATION_LEVEL = "-O";
				VALIDATE_PRODUCT = YES;
			};
			name = Release;
		};
		000000000000000000000019 /* Debug */ = {
			isa = XCBuildConfiguration;
			buildSettings = {
				ASSETCATALOG_COMPILER_APPICON_NAME = AppIcon;
				ASSETCATALOG_COMPILER_GLOBAL_ACCENT_COLOR_NAME = AccentColor;
				CODE_SIGN_STYLE = Automatic;
				CURRENT_PROJECT_VERSION = 1;
				ENABLE_PREVIEWS = YES;
				GENERATE_INFOPLIST_FILE = NO;
				INFOPLIST_FILE = booksclean/Info.plist;
				LD_RUNPATH_SEARCH_PATHS = (
					"$(inherited)",
					"@executable_path/Frameworks",
				);
				MARKETING_VERSION = 1.0;
				PRODUCT_BUNDLE_IDENTIFIER = com.booksclean.app;
				PRODUCT_NAME = "$(TARGET_NAME)";
				SWIFT_EMIT_LOC_STRINGS = YES;
				SWIFT_VERSION = 5.0;
				TARGETED_DEVICE_FAMILY = "1,2";
			};
			name = Debug;
		};
		00000000000000000000001A /* Release */ = {
			isa = XCBuildConfiguration;
			buildSettings = {
				ASSETCATALOG_COMPILER_APPICON_NAME = AppIcon;
				ASSETCATALOG_COMPILER_GLOBAL_ACCENT_COLOR_NAME = AccentColor;
				CODE_SIGN_STYLE = Automatic;
				CURRENT_PROJECT_VERSION = 1;
				ENABLE_PREVIEWS = YES;
				GENERATE_INFOPLIST_FILE = NO;
				INFOPLIST_FILE = booksclean/Info.plist;
				LD_RUNPATH_SEARCH_PATHS = (
					"$(inherited)",
					"@executable_path/Frameworks",
				);
				MARKETING_VERSION = 1.0;
				PRODUCT_BUNDLE_IDENTIFIER = com.booksclean.app;
				PRODUCT_NAME = "$(TARGET_NAME)";
				SWIFT_EMIT_LOC_STRINGS = YES;
				SWIFT_VERSION = 5.0;
				TARGETED_DEVICE_FAMILY = "1,2";
			};
			name = Release;
		};
/* End XCBuildConfiguration section */

/* Begin XCConfigurationList section */
		000000000000000000000015 /* Build configuration list for PBXProject "booksclean" */ = {
			isa = XCConfigurationList;
			buildConfigurations = (
				000000000000000000000017 /* Debug */,
				000000000000000000000018 /* Release */,
			);
			defaultConfigurationIsVisible = 0;
			defaultConfigurationName = Release;
		};
		000000000000000000000016 /* Build configuration list for PBXNativeTarget "booksclean" */ = {
			isa = XCConfigurationList;
			buildConfigurations = (
				000000000000000000000019 /* Debug */,
				00000000000000000000001A /* Release */,
			);
			defaultConfigurationIsVisible = 0;
			defaultConfigurationName = Release;
		};
/* End XCConfigurationList section */
	};
	rootObject = 00000000000000000000000A /* Project object */;
}
